
Microsoft Visual Studio Solution File, Format Version 12.00
# Visual Studio Version 17
VisualStudioVersion = 17.3.32922.545
MinimumVisualStudioVersion = 10.0.40219.1
Project("{FAE04EC0-301F-11D3-BF4B-00C04F79EFBC}") = "TameMyCerts", "TameMyCerts\TameMyCerts.csproj", "{BB35A67E-8E22-48C3-B3F8-E852161ACB59}"
EndProject
Project("{FAE04EC0-301F-11D3-BF4B-00C04F79EFBC}") = "TameMyCerts.Tests", "TameMyCerts.Tests\TameMyCerts.Tests.csproj", "{98F86AA9-4B95-4300-9A23-512C620D075C}"
EndProject
Global
	GlobalSection(SolutionConfigurationPlatforms) = preSolution
		Debug|Any CPU = Debug|Any CPU
		Release|Any CPU = Release|Any CPU
	EndGlobalSection
	GlobalSection(ProjectConfigurationPlatforms) = postSolution
		{BB35A67E-8E22-48C3-B3F8-E852161ACB59}.Debug|Any CPU.ActiveCfg = Debug|Any CPU
		{BB35A67E-8E22-48C3-B3F8-E852161ACB59}.Debug|Any CPU.Build.0 = Debug|Any CPU
		{BB35A67E-8E22-48C3-B3F8-E852161ACB59}.Release|Any CPU.ActiveCfg = Release|Any CPU
		{BB35A67E-8E22-48C3-B3F8-E852161ACB59}.Release|Any CPU.Build.0 = Release|Any CPU
		{98F86AA9-4B95-4300-9A23-512C620D075C}.Debug|Any CPU.ActiveCfg = Debug|Any CPU
		{98F86AA9-4B95-4300-9A23-512C620D075C}.Debug|Any CPU.Build.0 = Debug|Any CPU
		{98F86AA9-4B95-4300-9A23-512C620D075C}.Release|Any CPU.ActiveCfg = Release|Any CPU
		{98F86AA9-4B95-4300-9A23-512C620D075C}.Release|Any CPU.Build.0 = Release|Any CPU
	EndGlobalSection
	GlobalSection(SolutionProperties) = preSolution
		HideSolutionNode = FALSE
	EndGlobalSection
	GlobalSection(ExtensibilityGlobals) = postSolution
		SolutionGuid = {C6578E6F-8862-4B9D-ADB5-D68C3B5E100D}
	EndGlobalSection
EndGlobal
